
Microsoft Visual Studio Solution File, Format Version 12.00
# Visual Studio Version 17
VisualStudioVersion = 17.3.32922.545
MinimumVisualStudioVersion = 10.0.40219.1
Project("{FAE04EC0-301F-11D3-BF4B-00C04F79EFBC}") = "Lowercase", "Lowercase.csproj", "{AB7462B5-C52D-4EA6-AB85-B3EA0B66916A}"
EndProject
Global
	GlobalSection(SolutionConfigurationPlatforms) = preSolution
		Debug|Any CPU = Debug|Any CPU
		Release|Any CPU = Release|Any CPU
	EndGlobalSection
	GlobalSection(ProjectConfigurationPlatforms) = postSolution
		{AB7462B5-C52D-4EA6-AB85-B3EA0B66916A}.Debug|Any CPU.ActiveCfg = Debug|Any CPU
		{AB7462B5-C52D-4EA6-AB85-B3EA0B66916A}.Debug|Any CPU.Build.0 = Debug|Any CPU
		{AB7462B5-C52D-4EA6-AB85-B3EA0B66916A}.Release|Any CPU.ActiveCfg = Release|Any CPU
		{AB7462B5-C52D-4EA6-AB85-B3EA0B66916A}.Release|Any CPU.Build.0 = Release|Any CPU
	EndGlobalSection
	GlobalSection(SolutionProperties) = preSolution
		HideSolutionNode = FALSE
	EndGlobalSection
	GlobalSection(ExtensibilityGlobals) = postSolution
		SolutionGuid = {DC9C78EC-20C2-4D1E-BE75-7292287AD658}
	EndGlobalSection
EndGlobal
