
Microsoft Visual Studio Solution File, Format Version 12.00
# Visual Studio Version 17
VisualStudioVersion = 17.3.32922.545
MinimumVisualStudioVersion = 10.0.40219.1
Project("{2150E333-8FDC-42A3-9474-1A3956D46DE8}") = "Lesson1", "Lesson1", "{A1CAC792-59E5-4091-ACF9-B6C0857ED6FC}"
EndProject
Project("{9A19103F-16F7-4668-BE54-9A1E7A4F7556}") = "MaxValue", "Lesson1\MaxValue\MaxValue.csproj", "{6BE9AD68-FF8F-4810-B8F8-6A1E8973CE07}"
EndProject
Project("{9A19103F-16F7-4668-BE54-9A1E7A4F7556}") = "DaysInAMonth", "Lesson1\DaysInAMonth\DaysInAMonth.csproj", "{BC34F48B-6C15-442F-8806-476277769948}"
EndProject
Project("{2150E333-8FDC-42A3-9474-1A3956D46DE8}") = "Lesson0", "Lesson0", "{DC8D3DA7-D961-4D3D-9ED0-CCBFE1D0438E}"
EndProject
Project("{9A19103F-16F7-4668-BE54-9A1E7A4F7556}") = "ProgressBar", "Lesson0\ProgressBar\ProgressBar.csproj", "{DDAF5BE0-F1D1-48B4-9F66-297F0D4EFD09}"
EndProject
Project("{2150E333-8FDC-42A3-9474-1A3956D46DE8}") = "Lesson2", "Lesson2", "{676799E4-DBF1-42E9-85FC-EC0DEA9A6B9F}"
EndProject
Project("{FAE04EC0-301F-11D3-BF4B-00C04F79EFBC}") = "MultimplesOf3", "Lesson2\MultimplesOf3\MultimplesOf3.csproj", "{7EACAAA5-CC0F-4B9E-84BE-F6A5C25AC821}"
EndProject
Project("{FAE04EC0-301F-11D3-BF4B-00C04F79EFBC}") = "SumOfDigits", "Lesson2\SumOfDigits\SumOfDigits.csproj", "{72EE565E-0AD9-402C-9C89-ED687FC5C406}"
EndProject
Project("{FAE04EC0-301F-11D3-BF4B-00C04F79EFBC}") = "PerfectSquares", "Lesson2\PerfectSquares\PerfectSquares.csproj", "{71DC5CA3-F332-43AC-BCC1-1DBE4EFEC7DF}"
EndProject
Project("{FAE04EC0-301F-11D3-BF4B-00C04F79EFBC}") = "CollatzConjecture", "Lesson2\CollatzConjecture\CollatzConjecture.csproj", "{138CE03F-897A-4966-89AD-75FAE05A0FE7}"
EndProject
Project("{2150E333-8FDC-42A3-9474-1A3956D46DE8}") = "Lesson3", "Lesson3", "{1BC6E508-3164-44C4-8266-A12B80D4C4A0}"
EndProject
Project("{FAE04EC0-301F-11D3-BF4B-00C04F79EFBC}") = "ApproximationOfPi", "Lesson3\ApproximationOfPi\ApproximationOfPi.csproj", "{5539CA39-F7AE-438F-B2B3-DEF3C8687229}"
EndProject
Project("{FAE04EC0-301F-11D3-BF4B-00C04F79EFBC}") = "ArrowHead", "Lesson3\ArrowHead\ArrowHead.csproj", "{0DE57999-F4AF-4A75-9A53-9F307DEC93AF}"
EndProject
Project("{FAE04EC0-301F-11D3-BF4B-00C04F79EFBC}") = "RabbitsAndFoxes", "Lesson3\RabbitsAndFoxes\RabbitsAndFoxes.csproj", "{ECCA2634-303D-451C-8E4F-D21304A70B07}"
EndProject
Project("{FAE04EC0-301F-11D3-BF4B-00C04F79EFBC}") = "ProgressBar2", "Lesson3\ProgressBar2\ProgressBar2.csproj", "{8BB731D1-D916-425D-B3A3-1BC93CD1071D}"
EndProject
Project("{2150E333-8FDC-42A3-9474-1A3956D46DE8}") = "Lesson4", "Lesson4", "{B6D94BE7-DB1F-4217-9BDE-116094C718EC}"
EndProject
Project("{FAE04EC0-301F-11D3-BF4B-00C04F79EFBC}") = "LastPositive", "Lesson4\LastPositive\LastPositive.csproj", "{2D9D5D99-86D3-433A-9010-59646CDB731A}"
EndProject
Project("{FAE04EC0-301F-11D3-BF4B-00C04F79EFBC}") = "Palindrome", "Lesson4\Palindrome\Palindrome.csproj", "{00DCED60-6C0B-4333-BA1D-1F4B5362843E}"
EndProject
Global
	GlobalSection(SolutionConfigurationPlatforms) = preSolution
		Debug|Any CPU = Debug|Any CPU
		Release|Any CPU = Release|Any CPU
	EndGlobalSection
	GlobalSection(ProjectConfigurationPlatforms) = postSolution
		{6BE9AD68-FF8F-4810-B8F8-6A1E8973CE07}.Debug|Any CPU.ActiveCfg = Debug|Any CPU
		{6BE9AD68-FF8F-4810-B8F8-6A1E8973CE07}.Debug|Any CPU.Build.0 = Debug|Any CPU
		{6BE9AD68-FF8F-4810-B8F8-6A1E8973CE07}.Release|Any CPU.ActiveCfg = Release|Any CPU
		{6BE9AD68-FF8F-4810-B8F8-6A1E8973CE07}.Release|Any CPU.Build.0 = Release|Any CPU
		{BC34F48B-6C15-442F-8806-476277769948}.Debug|Any CPU.ActiveCfg = Debug|Any CPU
		{BC34F48B-6C15-442F-8806-476277769948}.Debug|Any CPU.Build.0 = Debug|Any CPU
		{BC34F48B-6C15-442F-8806-476277769948}.Release|Any CPU.ActiveCfg = Release|Any CPU
		{BC34F48B-6C15-442F-8806-476277769948}.Release|Any CPU.Build.0 = Release|Any CPU
		{DDAF5BE0-F1D1-48B4-9F66-297F0D4EFD09}.Debug|Any CPU.ActiveCfg = Debug|Any CPU
		{DDAF5BE0-F1D1-48B4-9F66-297F0D4EFD09}.Debug|Any CPU.Build.0 = Debug|Any CPU
		{DDAF5BE0-F1D1-48B4-9F66-297F0D4EFD09}.Release|Any CPU.ActiveCfg = Release|Any CPU
		{DDAF5BE0-F1D1-48B4-9F66-297F0D4EFD09}.Release|Any CPU.Build.0 = Release|Any CPU
		{7EACAAA5-CC0F-4B9E-84BE-F6A5C25AC821}.Debug|Any CPU.ActiveCfg = Debug|Any CPU
		{7EACAAA5-CC0F-4B9E-84BE-F6A5C25AC821}.Debug|Any CPU.Build.0 = Debug|Any CPU
		{7EACAAA5-CC0F-4B9E-84BE-F6A5C25AC821}.Release|Any CPU.ActiveCfg = Release|Any CPU
		{7EACAAA5-CC0F-4B9E-84BE-F6A5C25AC821}.Release|Any CPU.Build.0 = Release|Any CPU
		{72EE565E-0AD9-402C-9C89-ED687FC5C406}.Debug|Any CPU.ActiveCfg = Debug|Any CPU
		{72EE565E-0AD9-402C-9C89-ED687FC5C406}.Debug|Any CPU.Build.0 = Debug|Any CPU
		{72EE565E-0AD9-402C-9C89-ED687FC5C406}.Release|Any CPU.ActiveCfg = Release|Any CPU
		{72EE565E-0AD9-402C-9C89-ED687FC5C406}.Release|Any CPU.Build.0 = Release|Any CPU
		{71DC5CA3-F332-43AC-BCC1-1DBE4EFEC7DF}.Debug|Any CPU.ActiveCfg = Debug|Any CPU
		{71DC5CA3-F332-43AC-BCC1-1DBE4EFEC7DF}.Debug|Any CPU.Build.0 = Debug|Any CPU
		{71DC5CA3-F332-43AC-BCC1-1DBE4EFEC7DF}.Release|Any CPU.ActiveCfg = Release|Any CPU
		{71DC5CA3-F332-43AC-BCC1-1DBE4EFEC7DF}.Release|Any CPU.Build.0 = Release|Any CPU
		{138CE03F-897A-4966-89AD-75FAE05A0FE7}.Debug|Any CPU.ActiveCfg = Debug|Any CPU
		{138CE03F-897A-4966-89AD-75FAE05A0FE7}.Debug|Any CPU.Build.0 = Debug|Any CPU
		{138CE03F-897A-4966-89AD-75FAE05A0FE7}.Release|Any CPU.ActiveCfg = Release|Any CPU
		{138CE03F-897A-4966-89AD-75FAE05A0FE7}.Release|Any CPU.Build.0 = Release|Any CPU
		{5539CA39-F7AE-438F-B2B3-DEF3C8687229}.Debug|Any CPU.ActiveCfg = Debug|Any CPU
		{5539CA39-F7AE-438F-B2B3-DEF3C8687229}.Debug|Any CPU.Build.0 = Debug|Any CPU
		{5539CA39-F7AE-438F-B2B3-DEF3C8687229}.Release|Any CPU.ActiveCfg = Release|Any CPU
		{5539CA39-F7AE-438F-B2B3-DEF3C8687229}.Release|Any CPU.Build.0 = Release|Any CPU
		{0DE57999-F4AF-4A75-9A53-9F307DEC93AF}.Debug|Any CPU.ActiveCfg = Debug|Any CPU
		{0DE57999-F4AF-4A75-9A53-9F307DEC93AF}.Debug|Any CPU.Build.0 = Debug|Any CPU
		{0DE57999-F4AF-4A75-9A53-9F307DEC93AF}.Release|Any CPU.ActiveCfg = Release|Any CPU
		{0DE57999-F4AF-4A75-9A53-9F307DEC93AF}.Release|Any CPU.Build.0 = Release|Any CPU
		{ECCA2634-303D-451C-8E4F-D21304A70B07}.Debug|Any CPU.ActiveCfg = Debug|Any CPU
		{ECCA2634-303D-451C-8E4F-D21304A70B07}.Debug|Any CPU.Build.0 = Debug|Any CPU
		{ECCA2634-303D-451C-8E4F-D21304A70B07}.Release|Any CPU.ActiveCfg = Release|Any CPU
		{ECCA2634-303D-451C-8E4F-D21304A70B07}.Release|Any CPU.Build.0 = Release|Any CPU
		{8BB731D1-D916-425D-B3A3-1BC93CD1071D}.Debug|Any CPU.ActiveCfg = Debug|Any CPU
		{8BB731D1-D916-425D-B3A3-1BC93CD1071D}.Debug|Any CPU.Build.0 = Debug|Any CPU
		{8BB731D1-D916-425D-B3A3-1BC93CD1071D}.Release|Any CPU.ActiveCfg = Release|Any CPU
		{8BB731D1-D916-425D-B3A3-1BC93CD1071D}.Release|Any CPU.Build.0 = Release|Any CPU
		{2D9D5D99-86D3-433A-9010-59646CDB731A}.Debug|Any CPU.ActiveCfg = Debug|Any CPU
		{2D9D5D99-86D3-433A-9010-59646CDB731A}.Debug|Any CPU.Build.0 = Debug|Any CPU
		{2D9D5D99-86D3-433A-9010-59646CDB731A}.Release|Any CPU.ActiveCfg = Release|Any CPU
		{2D9D5D99-86D3-433A-9010-59646CDB731A}.Release|Any CPU.Build.0 = Release|Any CPU
		{00DCED60-6C0B-4333-BA1D-1F4B5362843E}.Debug|Any CPU.ActiveCfg = Debug|Any CPU
		{00DCED60-6C0B-4333-BA1D-1F4B5362843E}.Debug|Any CPU.Build.0 = Debug|Any CPU
		{00DCED60-6C0B-4333-BA1D-1F4B5362843E}.Release|Any CPU.ActiveCfg = Release|Any CPU
		{00DCED60-6C0B-4333-BA1D-1F4B5362843E}.Release|Any CPU.Build.0 = Release|Any CPU
	EndGlobalSection
	GlobalSection(SolutionProperties) = preSolution
		HideSolutionNode = FALSE
	EndGlobalSection
	GlobalSection(NestedProjects) = preSolution
		{6BE9AD68-FF8F-4810-B8F8-6A1E8973CE07} = {A1CAC792-59E5-4091-ACF9-B6C0857ED6FC}
		{BC34F48B-6C15-442F-8806-476277769948} = {A1CAC792-59E5-4091-ACF9-B6C0857ED6FC}
		{DDAF5BE0-F1D1-48B4-9F66-297F0D4EFD09} = {DC8D3DA7-D961-4D3D-9ED0-CCBFE1D0438E}
		{7EACAAA5-CC0F-4B9E-84BE-F6A5C25AC821} = {676799E4-DBF1-42E9-85FC-EC0DEA9A6B9F}
		{72EE565E-0AD9-402C-9C89-ED687FC5C406} = {676799E4-DBF1-42E9-85FC-EC0DEA9A6B9F}
		{71DC5CA3-F332-43AC-BCC1-1DBE4EFEC7DF} = {676799E4-DBF1-42E9-85FC-EC0DEA9A6B9F}
		{138CE03F-897A-4966-89AD-75FAE05A0FE7} = {676799E4-DBF1-42E9-85FC-EC0DEA9A6B9F}
		{5539CA39-F7AE-438F-B2B3-DEF3C8687229} = {1BC6E508-3164-44C4-8266-A12B80D4C4A0}
		{0DE57999-F4AF-4A75-9A53-9F307DEC93AF} = {1BC6E508-3164-44C4-8266-A12B80D4C4A0}
		{ECCA2634-303D-451C-8E4F-D21304A70B07} = {1BC6E508-3164-44C4-8266-A12B80D4C4A0}
		{8BB731D1-D916-425D-B3A3-1BC93CD1071D} = {1BC6E508-3164-44C4-8266-A12B80D4C4A0}
		{2D9D5D99-86D3-433A-9010-59646CDB731A} = {B6D94BE7-DB1F-4217-9BDE-116094C718EC}
		{00DCED60-6C0B-4333-BA1D-1F4B5362843E} = {B6D94BE7-DB1F-4217-9BDE-116094C718EC}
	EndGlobalSection
	GlobalSection(ExtensibilityGlobals) = postSolution
		SolutionGuid = {51B14FD9-217F-4CF2-9225-279E16FC06C1}
	EndGlobalSection
EndGlobal
