
Microsoft Visual Studio Solution File, Format Version 12.00
# Visual Studio Version 17
VisualStudioVersion = 17.3.32922.545
MinimumVisualStudioVersion = 10.0.40219.1
Project("{FAE04EC0-301F-11D3-BF4B-00C04F79EFBC}") = "Palyndrome", "Palyndrome.csproj", "{244768E9-3D3A-4096-859C-8029D675EE04}"
EndProject
Global
	GlobalSection(SolutionConfigurationPlatforms) = preSolution
		Debug|Any CPU = Debug|Any CPU
		Release|Any CPU = Release|Any CPU
	EndGlobalSection
	GlobalSection(ProjectConfigurationPlatforms) = postSolution
		{244768E9-3D3A-4096-859C-8029D675EE04}.Debug|Any CPU.ActiveCfg = Debug|Any CPU
		{244768E9-3D3A-4096-859C-8029D675EE04}.Debug|Any CPU.Build.0 = Debug|Any CPU
		{244768E9-3D3A-4096-859C-8029D675EE04}.Release|Any CPU.ActiveCfg = Release|Any CPU
		{244768E9-3D3A-4096-859C-8029D675EE04}.Release|Any CPU.Build.0 = Release|Any CPU
	EndGlobalSection
	GlobalSection(SolutionProperties) = preSolution
		HideSolutionNode = FALSE
	EndGlobalSection
	GlobalSection(ExtensibilityGlobals) = postSolution
		SolutionGuid = {18FBF3F3-01B9-40BB-8326-CAAEF56C99F5}
	EndGlobalSection
EndGlobal
