
Microsoft Visual Studio Solution File, Format Version 12.00
# Visual Studio Version 17
VisualStudioVersion = 17.3.32922.545
MinimumVisualStudioVersion = 10.0.40219.1
Project("{FAE04EC0-301F-11D3-BF4B-00C04F79EFBC}") = "Duplicates", "Duplicates.csproj", "{267B4C09-E982-487A-B474-3C86884862FE}"
EndProject
Global
	GlobalSection(SolutionConfigurationPlatforms) = preSolution
		Debug|Any CPU = Debug|Any CPU
		Release|Any CPU = Release|Any CPU
	EndGlobalSection
	GlobalSection(ProjectConfigurationPlatforms) = postSolution
		{267B4C09-E982-487A-B474-3C86884862FE}.Debug|Any CPU.ActiveCfg = Debug|Any CPU
		{267B4C09-E982-487A-B474-3C86884862FE}.Debug|Any CPU.Build.0 = Debug|Any CPU
		{267B4C09-E982-487A-B474-3C86884862FE}.Release|Any CPU.ActiveCfg = Release|Any CPU
		{267B4C09-E982-487A-B474-3C86884862FE}.Release|Any CPU.Build.0 = Release|Any CPU
	EndGlobalSection
	GlobalSection(SolutionProperties) = preSolution
		HideSolutionNode = FALSE
	EndGlobalSection
	GlobalSection(ExtensibilityGlobals) = postSolution
		SolutionGuid = {9CFB30D9-8884-4DE1-B497-386FE4430BD0}
	EndGlobalSection
EndGlobal
